
Microsoft Visual Studio Solution File, Format Version 12.00
# Visual Studio Version 17
VisualStudioVersion = 17.5.33627.172
MinimumVisualStudioVersion = 10.0.40219.1
Project("{FAE04EC0-301F-11D3-BF4B-00C04F79EFBC}") = "Day2_Datatypes_assignment", "Day2_Datatypes_assignment\Day2_Datatypes_assignment.csproj", "{B9103314-A36C-4BF0-9FCE-0E7CB43E00A8}"
EndProject
Global
	GlobalSection(SolutionConfigurationPlatforms) = preSolution
		Debug|Any CPU = Debug|Any CPU
		Release|Any CPU = Release|Any CPU
	EndGlobalSection
	GlobalSection(ProjectConfigurationPlatforms) = postSolution
		{B9103314-A36C-4BF0-9FCE-0E7CB43E00A8}.Debug|Any CPU.ActiveCfg = Debug|Any CPU
		{B9103314-A36C-4BF0-9FCE-0E7CB43E00A8}.Debug|Any CPU.Build.0 = Debug|Any CPU
		{B9103314-A36C-4BF0-9FCE-0E7CB43E00A8}.Release|Any CPU.ActiveCfg = Release|Any CPU
		{B9103314-A36C-4BF0-9FCE-0E7CB43E00A8}.Release|Any CPU.Build.0 = Release|Any CPU
	EndGlobalSection
	GlobalSection(SolutionProperties) = preSolution
		HideSolutionNode = FALSE
	EndGlobalSection
	GlobalSection(ExtensibilityGlobals) = postSolution
		SolutionGuid = {B8B807C1-7E90-47FD-90D6-306AE31A94D9}
	EndGlobalSection
EndGlobal
